
Microsoft Visual Studio Solution File, Format Version 12.00
Project("{FAE04EC0-301F-11D3-BF4B-00C04F79EFBC}") = "SubscriptionManagementSystem", "SubscriptionManagementSystem\SubscriptionManagementSystem.csproj", "{F82F0752-3070-41B6-B6E3-E1373617BED0}"
EndProject
Global
	GlobalSection(SolutionConfigurationPlatforms) = preSolution
		Debug|Any CPU = Debug|Any CPU
		Release|Any CPU = Release|Any CPU
	EndGlobalSection
	GlobalSection(ProjectConfigurationPlatforms) = postSolution
		{F82F0752-3070-41B6-B6E3-E1373617BED0}.Debug|Any CPU.ActiveCfg = Debug|Any CPU
		{F82F0752-3070-41B6-B6E3-E1373617BED0}.Debug|Any CPU.Build.0 = Debug|Any CPU
		{F82F0752-3070-41B6-B6E3-E1373617BED0}.Release|Any CPU.ActiveCfg = Release|Any CPU
		{F82F0752-3070-41B6-B6E3-E1373617BED0}.Release|Any CPU.Build.0 = Release|Any CPU
	EndGlobalSection
EndGlobal
